<Solution>
  <Project Path="Assembly-CSharp.csproj" />
  <Project Path="Samples.Boids.csproj" />
  <Project Path="Samples.DCR2.csproj" />
  <Project Path="Samples.BoidsSpawn.csproj" />
  <Project Path="SpatialTree.csproj" />
  <Project Path="CustomTransform.csproj" />
  <Project Path="Assembly-CSharp-Editor.csproj" />
  <Project Path="AtomicCounterHelper.csproj" />
</Solution>
